// !$*UTF8*$!
{
	archiveVersion = 1;
	classes = {
	};
	objectVersion = 50;
	objects = {

/* Begin PBXBuildFile section */
		B14CF2BCD94527F84A9FB216 /* libPods-Taboola JS ObjC Sample.a in Frameworks */ = {isa = PBXBuildFile; fileRef = 33C6307EDE919A3915B8CF82 /* libPods-Taboola JS ObjC Sample.a */; };
		DC1AECB821F61C6E0090D191 /* AppDelegate.m in Sources */ = {isa = PBXBuildFile; fileRef = DC1AECB721F61C6E0090D191 /* AppDelegate.m */; };
		DC1AECBE21F61C6E0090D191 /* Main.storyboard in Resources */ = {isa = PBXBuildFile; fileRef = DC1AECBC21F61C6E0090D191 /* Main.storyboard */; };
		DC1AECC021F61C700090D191 /* Assets.xcassets in Resources */ = {isa = PBXBuildFile; fileRef = DC1AECBF21F61C700090D191 /* Assets.xcassets */; };
		DC1AECC321F61C700090D191 /* LaunchScreen.storyboard in Resources */ = {isa = PBXBuildFile; fileRef = DC1AECC121F61C700090D191 /* LaunchScreen.storyboard */; };
		DC1AECC621F61C700090D191 /* main.m in Sources */ = {isa = PBXBuildFile; fileRef = DC1AECC521F61C700090D191 /* main.m */; };
		DC1AECCE21F625100090D191 /* MidArticleJsViewController.m in Sources */ = {isa = PBXBuildFile; fileRef = DC1AECCD21F625100090D191 /* MidArticleJsViewController.m */; };
		DC1AECD021F771ED0090D191 /* sampleContentPage.html in Resources */ = {isa = PBXBuildFile; fileRef = DC1AECCF21F771ED0090D191 /* sampleContentPage.html */; };
		DC1AECD221F865E30090D191 /* sampleContentPageSplitFeed.html in Resources */ = {isa = PBXBuildFile; fileRef = DC1AECD121F865E30090D191 /* sampleContentPageSplitFeed.html */; };
		DC1AECD521F86A920090D191 /* SplitFeedJsViewController.m in Sources */ = {isa = PBXBuildFile; fileRef = DC1AECD421F86A920090D191 /* SplitFeedJsViewController.m */; };
		DC1AECDB21F88C4F0090D191 /* FetchOnDemandPageViewController.m in Sources */ = {isa = PBXBuildFile; fileRef = DC1AECDA21F88C4F0090D191 /* FetchOnDemandPageViewController.m */; };
		DC1AECDF21F891E60090D191 /* PageContentViewController.m in Sources */ = {isa = PBXBuildFile; fileRef = DC1AECDE21F891E60090D191 /* PageContentViewController.m */; };
/* End PBXBuildFile section */

/* Begin PBXFileReference section */
		33C6307EDE919A3915B8CF82 /* libPods-Taboola JS ObjC Sample.a */ = {isa = PBXFileReference; explicitFileType = archive.ar; includeInIndex = 0; path = "libPods-Taboola JS ObjC Sample.a"; sourceTree = BUILT_PRODUCTS_DIR; };
		7A88D9E29052B3412FC6AE3B /* Pods-Taboola JS ObjC Sample.release.xcconfig */ = {isa = PBXFileReference; includeInIndex = 1; lastKnownFileType = text.xcconfig; name = "Pods-Taboola JS ObjC Sample.release.xcconfig"; path = "Pods/Target Support Files/Pods-Taboola JS ObjC Sample/Pods-Taboola JS ObjC Sample.release.xcconfig"; sourceTree = "<group>"; };
		99591142E02CB40AAC1FAE44 /* Pods-Taboola JS ObjC Sample.debug.xcconfig */ = {isa = PBXFileReference; includeInIndex = 1; lastKnownFileType = text.xcconfig; name = "Pods-Taboola JS ObjC Sample.debug.xcconfig"; path = "Pods/Target Support Files/Pods-Taboola JS ObjC Sample/Pods-Taboola JS ObjC Sample.debug.xcconfig"; sourceTree = "<group>"; };
		DC1AECB321F61C6E0090D191 /* Taboola JS ObjC Sample.app */ = {isa = PBXFileReference; explicitFileType = wrapper.application; includeInIndex = 0; path = "Taboola JS ObjC Sample.app"; sourceTree = BUILT_PRODUCTS_DIR; };
		DC1AECB621F61C6E0090D191 /* AppDelegate.h */ = {isa = PBXFileReference; lastKnownFileType = sourcecode.c.h; path = AppDelegate.h; sourceTree = "<group>"; };
		DC1AECB721F61C6E0090D191 /* AppDelegate.m */ = {isa = PBXFileReference; lastKnownFileType = sourcecode.c.objc; path = AppDelegate.m; sourceTree = "<group>"; };
		DC1AECBD21F61C6E0090D191 /* Base */ = {isa = PBXFileReference; lastKnownFileType = file.storyboard; name = Base; path = Base.lproj/Main.storyboard; sourceTree = "<group>"; };
		DC1AECBF21F61C700090D191 /* Assets.xcassets */ = {isa = PBXFileReference; lastKnownFileType = folder.assetcatalog; path = Assets.xcassets; sourceTree = "<group>"; };
		DC1AECC221F61C700090D191 /* Base */ = {isa = PBXFileReference; lastKnownFileType = file.storyboard; name = Base; path = Base.lproj/LaunchScreen.storyboard; sourceTree = "<group>"; };
		DC1AECC421F61C700090D191 /* Info.plist */ = {isa = PBXFileReference; lastKnownFileType = text.plist.xml; path = Info.plist; sourceTree = "<group>"; };
		DC1AECC521F61C700090D191 /* main.m */ = {isa = PBXFileReference; lastKnownFileType = sourcecode.c.objc; path = main.m; sourceTree = "<group>"; };
		DC1AECCC21F625100090D191 /* MidArticleJsViewController.h */ = {isa = PBXFileReference; lastKnownFileType = sourcecode.c.h; path = MidArticleJsViewController.h; sourceTree = "<group>"; };
		DC1AECCD21F625100090D191 /* MidArticleJsViewController.m */ = {isa = PBXFileReference; lastKnownFileType = sourcecode.c.objc; path = MidArticleJsViewController.m; sourceTree = "<group>"; };
		DC1AECCF21F771ED0090D191 /* sampleContentPage.html */ = {isa = PBXFileReference; fileEncoding = 4; lastKnownFileType = text.html; path = sampleContentPage.html; sourceTree = "<group>"; };
		DC1AECD121F865E30090D191 /* sampleContentPageSplitFeed.html */ = {isa = PBXFileReference; fileEncoding = 4; lastKnownFileType = text.html; path = sampleContentPageSplitFeed.html; sourceTree = "<group>"; };
		DC1AECD321F86A920090D191 /* SplitFeedJsViewController.h */ = {isa = PBXFileReference; lastKnownFileType = sourcecode.c.h; path = SplitFeedJsViewController.h; sourceTree = "<group>"; };
		DC1AECD421F86A920090D191 /* SplitFeedJsViewController.m */ = {isa = PBXFileReference; lastKnownFileType = sourcecode.c.objc; path = SplitFeedJsViewController.m; sourceTree = "<group>"; };
		DC1AECD921F88C4F0090D191 /* FetchOnDemandPageViewController.h */ = {isa = PBXFileReference; lastKnownFileType = sourcecode.c.h; path = FetchOnDemandPageViewController.h; sourceTree = "<group>"; };
		DC1AECDA21F88C4F0090D191 /* FetchOnDemandPageViewController.m */ = {isa = PBXFileReference; lastKnownFileType = sourcecode.c.objc; path = FetchOnDemandPageViewController.m; sourceTree = "<group>"; };
		DC1AECDD21F891E60090D191 /* PageContentViewController.h */ = {isa = PBXFileReference; lastKnownFileType = sourcecode.c.h; path = PageContentViewController.h; sourceTree = "<group>"; };
		DC1AECDE21F891E60090D191 /* PageContentViewController.m */ = {isa = PBXFileReference; lastKnownFileType = sourcecode.c.objc; path = PageContentViewController.m; sourceTree = "<group>"; };
/* End PBXFileReference section */

/* Begin PBXFrameworksBuildPhase section */
		DC1AECB021F61C6E0090D191 /* Frameworks */ = {
			isa = PBXFrameworksBuildPhase;
			buildActionMask = 2147483647;
			files = (
				B14CF2BCD94527F84A9FB216 /* libPods-Taboola JS ObjC Sample.a in Frameworks */,
			);
			runOnlyForDeploymentPostprocessing = 0;
		};
/* End PBXFrameworksBuildPhase section */

/* Begin PBXGroup section */
		37DB2C255B7E7CE5ECA78773 /* Pods */ = {
			isa = PBXGroup;
			children = (
				99591142E02CB40AAC1FAE44 /* Pods-Taboola JS ObjC Sample.debug.xcconfig */,
				7A88D9E29052B3412FC6AE3B /* Pods-Taboola JS ObjC Sample.release.xcconfig */,
			);
			name = Pods;
			sourceTree = "<group>";
		};
		4D4518F3192926539FD26A05 /* Frameworks */ = {
			isa = PBXGroup;
			children = (
				33C6307EDE919A3915B8CF82 /* libPods-Taboola JS ObjC Sample.a */,
			);
			name = Frameworks;
			sourceTree = "<group>";
		};
		DC12748D21F8B80500BF5CE2 /* PageContentViewController */ = {
			isa = PBXGroup;
			children = (
				DC1AECDD21F891E60090D191 /* PageContentViewController.h */,
				DC1AECDE21F891E60090D191 /* PageContentViewController.m */,
			);
			path = PageContentViewController;
			sourceTree = "<group>";
		};
		DC1AECAA21F61C6E0090D191 = {
			isa = PBXGroup;
			children = (
				DC1AECB521F61C6E0090D191 /* Taboola JS ObjC Sample */,
				DC1AECB421F61C6E0090D191 /* Products */,
				37DB2C255B7E7CE5ECA78773 /* Pods */,
				4D4518F3192926539FD26A05 /* Frameworks */,
			);
			sourceTree = "<group>";
		};
		DC1AECB421F61C6E0090D191 /* Products */ = {
			isa = PBXGroup;
			children = (
				DC1AECB321F61C6E0090D191 /* Taboola JS ObjC Sample.app */,
			);
			name = Products;
			sourceTree = "<group>";
		};
		DC1AECB521F61C6E0090D191 /* Taboola JS ObjC Sample */ = {
			isa = PBXGroup;
			children = (
				DC1AECB621F61C6E0090D191 /* AppDelegate.h */,
				DC1AECB721F61C6E0090D191 /* AppDelegate.m */,
				DC1AECD821F86AA90090D191 /* View controllers */,
				DC1AECBC21F61C6E0090D191 /* Main.storyboard */,
				DC1AECBF21F61C700090D191 /* Assets.xcassets */,
				DC1AECC121F61C700090D191 /* LaunchScreen.storyboard */,
				DC1AECC421F61C700090D191 /* Info.plist */,
				DC1AECC521F61C700090D191 /* main.m */,
				DC1AECCF21F771ED0090D191 /* sampleContentPage.html */,
				DC1AECD121F865E30090D191 /* sampleContentPageSplitFeed.html */,
			);
			path = "Taboola JS ObjC Sample";
			sourceTree = "<group>";
		};
		DC1AECD621F86A950090D191 /* Split Feed */ = {
			isa = PBXGroup;
			children = (
				DC1AECD321F86A920090D191 /* SplitFeedJsViewController.h */,
				DC1AECD421F86A920090D191 /* SplitFeedJsViewController.m */,
			);
			path = "Split Feed";
			sourceTree = "<group>";
		};
		DC1AECD721F86A9D0090D191 /* Mid Article */ = {
			isa = PBXGroup;
			children = (
				DC1AECCC21F625100090D191 /* MidArticleJsViewController.h */,
				DC1AECCD21F625100090D191 /* MidArticleJsViewController.m */,
			);
			path = "Mid Article";
			sourceTree = "<group>";
		};
		DC1AECD821F86AA90090D191 /* View controllers */ = {
			isa = PBXGroup;
			children = (
				DC1AECD721F86A9D0090D191 /* Mid Article */,
				DC1AECD621F86A950090D191 /* Split Feed */,
				DC1AECDC21F88C570090D191 /* FetchOnDemandPageViewController */,
			);
			path = "View controllers";
			sourceTree = "<group>";
		};
		DC1AECDC21F88C570090D191 /* FetchOnDemandPageViewController */ = {
			isa = PBXGroup;
			children = (
				DC1AECD921F88C4F0090D191 /* FetchOnDemandPageViewController.h */,
				DC1AECDA21F88C4F0090D191 /* FetchOnDemandPageViewController.m */,
				DC12748D21F8B80500BF5CE2 /* PageContentViewController */,
			);
			path = FetchOnDemandPageViewController;
			sourceTree = "<group>";
		};
/* End PBXGroup section */

/* Begin PBXNativeTarget section */
		DC1AECB221F61C6E0090D191 /* Taboola JS ObjC Sample */ = {
			isa = PBXNativeTarget;
			buildConfigurationList = DC1AECC921F61C700090D191 /* Build configuration list for PBXNativeTarget "Taboola JS ObjC Sample" */;
			buildPhases = (
				5BC91FAC6E66B3DFBEC88C6A /* [CP] Check Pods Manifest.lock */,
				DC1AECAF21F61C6E0090D191 /* Sources */,
				DC1AECB021F61C6E0090D191 /* Frameworks */,
				DC1AECB121F61C6E0090D191 /* Resources */,
				45DD35FB9176AB2357960793 /* [CP] Copy Pods Resources */,
			);
			buildRules = (
			);
			dependencies = (
			);
			name = "Taboola JS ObjC Sample";
			productName = "Taboola JS ObjC Sample";
			productReference = DC1AECB321F61C6E0090D191 /* Taboola JS ObjC Sample.app */;
			productType = "com.apple.product-type.application";
		};
/* End PBXNativeTarget section */

/* Begin PBXProject section */
		DC1AECAB21F61C6E0090D191 /* Project object */ = {
			isa = PBXProject;
			attributes = {
				LastUpgradeCheck = 1010;
				ORGANIZATIONNAME = "Taboola LTD";
				TargetAttributes = {
					DC1AECB221F61C6E0090D191 = {
						CreatedOnToolsVersion = 10.1;
					};
				};
			};
			buildConfigurationList = DC1AECAE21F61C6E0090D191 /* Build configuration list for PBXProject "Taboola JS ObjC Sample" */;
			compatibilityVersion = "Xcode 9.3";
			developmentRegion = en;
			hasScannedForEncodings = 0;
			knownRegions = (
				en,
				Base,
			);
			mainGroup = DC1AECAA21F61C6E0090D191;
			productRefGroup = DC1AECB421F61C6E0090D191 /* Products */;
			projectDirPath = "";
			projectRoot = "";
			targets = (
				DC1AECB221F61C6E0090D191 /* Taboola JS ObjC Sample */,
			);
		};
/* End PBXProject section */

/* Begin PBXResourcesBuildPhase section */
		DC1AECB121F61C6E0090D191 /* Resources */ = {
			isa = PBXResourcesBuildPhase;
			buildActionMask = 2147483647;
			files = (
				DC1AECD221F865E30090D191 /* sampleContentPageSplitFeed.html in Resources */,
				DC1AECC321F61C700090D191 /* LaunchScreen.storyboard in Resources */,
				DC1AECC021F61C700090D191 /* Assets.xcassets in Resources */,
				DC1AECBE21F61C6E0090D191 /* Main.storyboard in Resources */,
				DC1AECD021F771ED0090D191 /* sampleContentPage.html in Resources */,
			);
			runOnlyForDeploymentPostprocessing = 0;
		};
/* End PBXResourcesBuildPhase section */

/* Begin PBXShellScriptBuildPhase section */
		45DD35FB9176AB2357960793 /* [CP] Copy Pods Resources */ = {
			isa = PBXShellScriptBuildPhase;
			buildActionMask = 2147483647;
			files = (
			);
			inputFileListPaths = (
			);
			inputPaths = (
				"${SRCROOT}/Pods/Target Support Files/Pods-Taboola JS ObjC Sample/Pods-Taboola JS ObjC Sample-resources.sh",
				"${PODS_ROOT}/TaboolaSDK/TaboolaSDK.framework/Versions/A/TaboolaResources/TaboolaVIewResources.bundle",
			);
			name = "[CP] Copy Pods Resources";
			outputFileListPaths = (
			);
			outputPaths = (
				"${TARGET_BUILD_DIR}/${UNLOCALIZED_RESOURCES_FOLDER_PATH}/TaboolaVIewResources.bundle",
			);
			runOnlyForDeploymentPostprocessing = 0;
			shellPath = /bin/sh;
			shellScript = "\"${SRCROOT}/Pods/Target Support Files/Pods-Taboola JS ObjC Sample/Pods-Taboola JS ObjC Sample-resources.sh\"\n";
			showEnvVarsInLog = 0;
		};
		5BC91FAC6E66B3DFBEC88C6A /* [CP] Check Pods Manifest.lock */ = {
			isa = PBXShellScriptBuildPhase;
			buildActionMask = 2147483647;
			files = (
			);
			inputFileListPaths = (
			);
			inputPaths = (
				"${PODS_PODFILE_DIR_PATH}/Podfile.lock",
				"${PODS_ROOT}/Manifest.lock",
			);
			name = "[CP] Check Pods Manifest.lock";
			outputFileListPaths = (
			);
			outputPaths = (
				"$(DERIVED_FILE_DIR)/Pods-Taboola JS ObjC Sample-checkManifestLockResult.txt",
			);
			runOnlyForDeploymentPostprocessing = 0;
			shellPath = /bin/sh;
			shellScript = "diff \"${PODS_PODFILE_DIR_PATH}/Podfile.lock\" \"${PODS_ROOT}/Manifest.lock\" > /dev/null\nif [ $? != 0 ] ; then\n    # print error to STDERR\n    echo \"error: The sandbox is not in sync with the Podfile.lock. Run 'pod install' or update your CocoaPods installation.\" >&2\n    exit 1\nfi\n# This output is used by Xcode 'outputs' to avoid re-running this script phase.\necho \"SUCCESS\" > \"${SCRIPT_OUTPUT_FILE_0}\"\n";
			showEnvVarsInLog = 0;
		};
/* End PBXShellScriptBuildPhase section */

/* Begin PBXSourcesBuildPhase section */
		DC1AECAF21F61C6E0090D191 /* Sources */ = {
			isa = PBXSourcesBuildPhase;
			buildActionMask = 2147483647;
			files = (
				DC1AECCE21F625100090D191 /* MidArticleJsViewController.m in Sources */,
				DC1AECC621F61C700090D191 /* main.m in Sources */,
				DC1AECDB21F88C4F0090D191 /* FetchOnDemandPageViewController.m in Sources */,
				DC1AECD521F86A920090D191 /* SplitFeedJsViewController.m in Sources */,
				DC1AECB821F61C6E0090D191 /* AppDelegate.m in Sources */,
				DC1AECDF21F891E60090D191 /* PageContentViewController.m in Sources */,
			);
			runOnlyForDeploymentPostprocessing = 0;
		};
/* End PBXSourcesBuildPhase section */

/* Begin PBXVariantGroup section */
		DC1AECBC21F61C6E0090D191 /* Main.storyboard */ = {
			isa = PBXVariantGroup;
			children = (
				DC1AECBD21F61C6E0090D191 /* Base */,
			);
			name = Main.storyboard;
			sourceTree = "<group>";
		};
		DC1AECC121F61C700090D191 /* LaunchScreen.storyboard */ = {
			isa = PBXVariantGroup;
			children = (
				DC1AECC221F61C700090D191 /* Base */,
			);
			name = LaunchScreen.storyboard;
			sourceTree = "<group>";
		};
/* End PBXVariantGroup section */

/* Begin XCBuildConfiguration section */
		DC1AECC721F61C700090D191 /* Debug */ = {
			isa = XCBuildConfiguration;
			buildSettings = {
				ALWAYS_SEARCH_USER_PATHS = NO;
				CLANG_ANALYZER_NONNULL = YES;
				CLANG_ANALYZER_NUMBER_OBJECT_CONVERSION = YES_AGGRESSIVE;
				CLANG_CXX_LANGUAGE_STANDARD = "gnu++14";
				CLANG_CXX_LIBRARY = "libc++";
				CLANG_ENABLE_MODULES = YES;
				CLANG_ENABLE_OBJC_ARC = YES;
				CLANG_ENABLE_OBJC_WEAK = YES;
				CLANG_WARN_BLOCK_CAPTURE_AUTORELEASING = YES;
				CLANG_WARN_BOOL_CONVERSION = YES;
				CLANG_WARN_COMMA = YES;
				CLANG_WARN_CONSTANT_CONVERSION = YES;
				CLANG_WARN_DEPRECATED_OBJC_IMPLEMENTATIONS = YES;
				CLANG_WARN_DIRECT_OBJC_ISA_USAGE = YES_ERROR;
				CLANG_WARN_DOCUMENTATION_COMMENTS = YES;
				CLANG_WARN_EMPTY_BODY = YES;
				CLANG_WARN_ENUM_CONVERSION = YES;
				CLANG_WARN_INFINITE_RECURSION = YES;
				CLANG_WARN_INT_CONVERSION = YES;
				CLANG_WARN_NON_LITERAL_NULL_CONVERSION = YES;
				CLANG_WARN_OBJC_IMPLICIT_RETAIN_SELF = YES;
				CLANG_WARN_OBJC_LITERAL_CONVERSION = YES;
				CLANG_WARN_OBJC_ROOT_CLASS = YES_ERROR;
				CLANG_WARN_RANGE_LOOP_ANALYSIS = YES;
				CLANG_WARN_STRICT_PROTOTYPES = YES;
				CLANG_WARN_SUSPICIOUS_MOVE = YES;
				CLANG_WARN_UNGUARDED_AVAILABILITY = YES_AGGRESSIVE;
				CLANG_WARN_UNREACHABLE_CODE = YES;
				CLANG_WARN__DUPLICATE_METHOD_MATCH = YES;
				CODE_SIGN_IDENTITY = "iPhone Developer";
				COPY_PHASE_STRIP = NO;
				DEBUG_INFORMATION_FORMAT = dwarf;
				ENABLE_STRICT_OBJC_MSGSEND = YES;
				ENABLE_TESTABILITY = YES;
				GCC_C_LANGUAGE_STANDARD = gnu11;
				GCC_DYNAMIC_NO_PIC = NO;
				GCC_NO_COMMON_BLOCKS = YES;
				GCC_OPTIMIZATION_LEVEL = 0;
				GCC_PREPROCESSOR_DEFINITIONS = (
					"DEBUG=1",
					"$(inherited)",
				);
				GCC_WARN_64_TO_32_BIT_CONVERSION = YES;
				GCC_WARN_ABOUT_RETURN_TYPE = YES_ERROR;
				GCC_WARN_UNDECLARED_SELECTOR = YES;
				GCC_WARN_UNINITIALIZED_AUTOS = YES_AGGRESSIVE;
				GCC_WARN_UNUSED_FUNCTION = YES;
				GCC_WARN_UNUSED_VARIABLE = YES;
				IPHONEOS_DEPLOYMENT_TARGET = 12.1;
				MTL_ENABLE_DEBUG_INFO = INCLUDE_SOURCE;
				MTL_FAST_MATH = YES;
				ONLY_ACTIVE_ARCH = YES;
				SDKROOT = iphoneos;
			};
			name = Debug;
		};
		DC1AECC821F61C700090D191 /* Release */ = {
			isa = XCBuildConfiguration;
			buildSettings = {
				ALWAYS_SEARCH_USER_PATHS = NO;
				CLANG_ANALYZER_NONNULL = YES;
				CLANG_ANALYZER_NUMBER_OBJECT_CONVERSION = YES_AGGRESSIVE;
				CLANG_CXX_LANGUAGE_STANDARD = "gnu++14";
				CLANG_CXX_LIBRARY = "libc++";
				CLANG_ENABLE_MODULES = YES;
				CLANG_ENABLE_OBJC_ARC = YES;
				CLANG_ENABLE_OBJC_WEAK = YES;
				CLANG_WARN_BLOCK_CAPTURE_AUTORELEASING = YES;
				CLANG_WARN_BOOL_CONVERSION = YES;
				CLANG_WARN_COMMA = YES;
				CLANG_WARN_CONSTANT_CONVERSION = YES;
				CLANG_WARN_DEPRECATED_OBJC_IMPLEMENTATIONS = YES;
				CLANG_WARN_DIRECT_OBJC_ISA_USAGE = YES_ERROR;
				CLANG_WARN_DOCUMENTATION_COMMENTS = YES;
				CLANG_WARN_EMPTY_BODY = YES;
				CLANG_WARN_ENUM_CONVERSION = YES;
				CLANG_WARN_INFINITE_RECURSION = YES;
				CLANG_WARN_INT_CONVERSION = YES;
				CLANG_WARN_NON_LITERAL_NULL_CONVERSION = YES;
				CLANG_WARN_OBJC_IMPLICIT_RETAIN_SELF = YES;
				CLANG_WARN_OBJC_LITERAL_CONVERSION = YES;
				CLANG_WARN_OBJC_ROOT_CLASS = YES_ERROR;
				CLANG_WARN_RANGE_LOOP_ANALYSIS = YES;
				CLANG_WARN_STRICT_PROTOTYPES = YES;
				CLANG_WARN_SUSPICIOUS_MOVE = YES;
				CLANG_WARN_UNGUARDED_AVAILABILITY = YES_AGGRESSIVE;
				CLANG_WARN_UNREACHABLE_CODE = YES;
				CLANG_WARN__DUPLICATE_METHOD_MATCH = YES;
				CODE_SIGN_IDENTITY = "iPhone Developer";
				COPY_PHASE_STRIP = NO;
				DEBUG_INFORMATION_FORMAT = "dwarf-with-dsym";
				ENABLE_NS_ASSERTIONS = NO;
				ENABLE_STRICT_OBJC_MSGSEND = YES;
				GCC_C_LANGUAGE_STANDARD = gnu11;
				GCC_NO_COMMON_BLOCKS = YES;
				GCC_WARN_64_TO_32_BIT_CONVERSION = YES;
				GCC_WARN_ABOUT_RETURN_TYPE = YES_ERROR;
				GCC_WARN_UNDECLARED_SELECTOR = YES;
				GCC_WARN_UNINITIALIZED_AUTOS = YES_AGGRESSIVE;
				GCC_WARN_UNUSED_FUNCTION = YES;
				GCC_WARN_UNUSED_VARIABLE = YES;
				IPHONEOS_DEPLOYMENT_TARGET = 12.1;
				MTL_ENABLE_DEBUG_INFO = NO;
				MTL_FAST_MATH = YES;
				SDKROOT = iphoneos;
				VALIDATE_PRODUCT = YES;
			};
			name = Release;
		};
		DC1AECCA21F61C700090D191 /* Debug */ = {
			isa = XCBuildConfiguration;
			baseConfigurationReference = 99591142E02CB40AAC1FAE44 /* Pods-Taboola JS ObjC Sample.debug.xcconfig */;
			buildSettings = {
				ASSETCATALOG_COMPILER_APPICON_NAME = AppIcon;
				CODE_SIGN_STYLE = Automatic;
				DEVELOPMENT_TEAM = P4YBSJEM3U;
				INFOPLIST_FILE = "Taboola JS ObjC Sample/Info.plist";
				LD_RUNPATH_SEARCH_PATHS = (
					"$(inherited)",
					"@executable_path/Frameworks",
				);
				PRODUCT_BUNDLE_IDENTIFIER = "com.taboola.Taboola-JS-ObjC-Sample";
				PRODUCT_NAME = "$(TARGET_NAME)";
				TARGETED_DEVICE_FAMILY = "1,2";
			};
			name = Debug;
		};
		DC1AECCB21F61C700090D191 /* Release */ = {
			isa = XCBuildConfiguration;
			baseConfigurationReference = 7A88D9E29052B3412FC6AE3B /* Pods-Taboola JS ObjC Sample.release.xcconfig */;
			buildSettings = {
				ASSETCATALOG_COMPILER_APPICON_NAME = AppIcon;
				CODE_SIGN_STYLE = Automatic;
				DEVELOPMENT_TEAM = P4YBSJEM3U;
				INFOPLIST_FILE = "Taboola JS ObjC Sample/Info.plist";
				LD_RUNPATH_SEARCH_PATHS = (
					"$(inherited)",
					"@executable_path/Frameworks",
				);
				PRODUCT_BUNDLE_IDENTIFIER = "com.taboola.Taboola-JS-ObjC-Sample";
				PRODUCT_NAME = "$(TARGET_NAME)";
				TARGETED_DEVICE_FAMILY = "1,2";
			};
			name = Release;
		};
/* End XCBuildConfiguration section */

/* Begin XCConfigurationList section */
		DC1AECAE21F61C6E0090D191 /* Build configuration list for PBXProject "Taboola JS ObjC Sample" */ = {
			isa = XCConfigurationList;
			buildConfigurations = (
				DC1AECC721F61C700090D191 /* Debug */,
				DC1AECC821F61C700090D191 /* Release */,
			);
			defaultConfigurationIsVisible = 0;
			defaultConfigurationName = Release;
		};
		DC1AECC921F61C700090D191 /* Build configuration list for PBXNativeTarget "Taboola JS ObjC Sample" */ = {
			isa = XCConfigurationList;
			buildConfigurations = (
				DC1AECCA21F61C700090D191 /* Debug */,
				DC1AECCB21F61C700090D191 /* Release */,
			);
			defaultConfigurationIsVisible = 0;
			defaultConfigurationName = Release;
		};
/* End XCConfigurationList section */
	};
	rootObject = DC1AECAB21F61C6E0090D191 /* Project object */;
}
