// !$*UTF8*$!
{
	archiveVersion = 1;
	classes = {
	};
	objectVersion = 50;
	objects = {

/* Begin PBXBuildFile section */
		3EA2BADF20D7CCCACE58E311 /* libPods-Taboola API ObjC Sample.a in Frameworks */ = {isa = PBXBuildFile; fileRef = F1D0EACD574ED017958C4625 /* libPods-Taboola API ObjC Sample.a */; };
		DCBA835D21EF879F0053B37E /* AppDelegate.m in Sources */ = {isa = PBXBuildFile; fileRef = DCBA835C21EF879F0053B37E /* AppDelegate.m */; };
		DCBA836321EF879F0053B37E /* Main.storyboard in Resources */ = {isa = PBXBuildFile; fileRef = DCBA836121EF879F0053B37E /* Main.storyboard */; };
		DCBA836521EF87A00053B37E /* Assets.xcassets in Resources */ = {isa = PBXBuildFile; fileRef = DCBA836421EF87A00053B37E /* Assets.xcassets */; };
		DCBA836821EF87A00053B37E /* LaunchScreen.storyboard in Resources */ = {isa = PBXBuildFile; fileRef = DCBA836621EF87A00053B37E /* LaunchScreen.storyboard */; };
		DCBA836B21EF87A00053B37E /* main.m in Sources */ = {isa = PBXBuildFile; fileRef = DCBA836A21EF87A00053B37E /* main.m */; };
		DCBA837321EF87D90053B37E /* MenuViewController.m in Sources */ = {isa = PBXBuildFile; fileRef = DCBA837221EF87D90053B37E /* MenuViewController.m */; };
		DCBA837E21F0BB340053B37E /* FeedTableViewCell.m in Sources */ = {isa = PBXBuildFile; fileRef = DCBA837A21F0BB330053B37E /* FeedTableViewCell.m */; };
		DCBA837F21F0BB340053B37E /* FeedViewController.m in Sources */ = {isa = PBXBuildFile; fileRef = DCBA837B21F0BB330053B37E /* FeedViewController.m */; };
		DCC89FF921F2469D00C11230 /* WidgetViewController.m in Sources */ = {isa = PBXBuildFile; fileRef = DCC89FF821F2469D00C11230 /* WidgetViewController.m */; };
/* End PBXBuildFile section */

/* Begin PBXFileReference section */
		279396501A0CC222EC3639BC /* Pods-Taboola API ObjC Sample.release.xcconfig */ = {isa = PBXFileReference; includeInIndex = 1; lastKnownFileType = text.xcconfig; name = "Pods-Taboola API ObjC Sample.release.xcconfig"; path = "Pods/Target Support Files/Pods-Taboola API ObjC Sample/Pods-Taboola API ObjC Sample.release.xcconfig"; sourceTree = "<group>"; };
		308196C871F7D718BB8693C0 /* Pods-Taboola API ObjC Sample.debug.xcconfig */ = {isa = PBXFileReference; includeInIndex = 1; lastKnownFileType = text.xcconfig; name = "Pods-Taboola API ObjC Sample.debug.xcconfig"; path = "Pods/Target Support Files/Pods-Taboola API ObjC Sample/Pods-Taboola API ObjC Sample.debug.xcconfig"; sourceTree = "<group>"; };
		DCBA835821EF879F0053B37E /* Taboola API ObjC Sample.app */ = {isa = PBXFileReference; explicitFileType = wrapper.application; includeInIndex = 0; path = "Taboola API ObjC Sample.app"; sourceTree = BUILT_PRODUCTS_DIR; };
		DCBA835B21EF879F0053B37E /* AppDelegate.h */ = {isa = PBXFileReference; lastKnownFileType = sourcecode.c.h; path = AppDelegate.h; sourceTree = "<group>"; };
		DCBA835C21EF879F0053B37E /* AppDelegate.m */ = {isa = PBXFileReference; lastKnownFileType = sourcecode.c.objc; path = AppDelegate.m; sourceTree = "<group>"; };
		DCBA836221EF879F0053B37E /* Base */ = {isa = PBXFileReference; lastKnownFileType = file.storyboard; name = Base; path = Base.lproj/Main.storyboard; sourceTree = "<group>"; };
		DCBA836421EF87A00053B37E /* Assets.xcassets */ = {isa = PBXFileReference; lastKnownFileType = folder.assetcatalog; path = Assets.xcassets; sourceTree = "<group>"; };
		DCBA836721EF87A00053B37E /* Base */ = {isa = PBXFileReference; lastKnownFileType = file.storyboard; name = Base; path = Base.lproj/LaunchScreen.storyboard; sourceTree = "<group>"; };
		DCBA836921EF87A00053B37E /* Info.plist */ = {isa = PBXFileReference; lastKnownFileType = text.plist.xml; path = Info.plist; sourceTree = "<group>"; };
		DCBA836A21EF87A00053B37E /* main.m */ = {isa = PBXFileReference; lastKnownFileType = sourcecode.c.objc; path = main.m; sourceTree = "<group>"; };
		DCBA837121EF87D90053B37E /* MenuViewController.h */ = {isa = PBXFileReference; lastKnownFileType = sourcecode.c.h; path = MenuViewController.h; sourceTree = "<group>"; };
		DCBA837221EF87D90053B37E /* MenuViewController.m */ = {isa = PBXFileReference; lastKnownFileType = sourcecode.c.objc; path = MenuViewController.m; sourceTree = "<group>"; };
		DCBA837A21F0BB330053B37E /* FeedTableViewCell.m */ = {isa = PBXFileReference; fileEncoding = 4; lastKnownFileType = sourcecode.c.objc; path = FeedTableViewCell.m; sourceTree = "<group>"; };
		DCBA837B21F0BB330053B37E /* FeedViewController.m */ = {isa = PBXFileReference; fileEncoding = 4; lastKnownFileType = sourcecode.c.objc; path = FeedViewController.m; sourceTree = "<group>"; };
		DCBA837C21F0BB340053B37E /* FeedViewController.h */ = {isa = PBXFileReference; fileEncoding = 4; lastKnownFileType = sourcecode.c.h; path = FeedViewController.h; sourceTree = "<group>"; };
		DCBA837D21F0BB340053B37E /* FeedTableViewCell.h */ = {isa = PBXFileReference; fileEncoding = 4; lastKnownFileType = sourcecode.c.h; path = FeedTableViewCell.h; sourceTree = "<group>"; };
		DCC89FF721F2469D00C11230 /* WidgetViewController.h */ = {isa = PBXFileReference; lastKnownFileType = sourcecode.c.h; path = WidgetViewController.h; sourceTree = "<group>"; };
		DCC89FF821F2469D00C11230 /* WidgetViewController.m */ = {isa = PBXFileReference; lastKnownFileType = sourcecode.c.objc; path = WidgetViewController.m; sourceTree = "<group>"; };
		F1D0EACD574ED017958C4625 /* libPods-Taboola API ObjC Sample.a */ = {isa = PBXFileReference; explicitFileType = archive.ar; includeInIndex = 0; path = "libPods-Taboola API ObjC Sample.a"; sourceTree = BUILT_PRODUCTS_DIR; };
/* End PBXFileReference section */

/* Begin PBXFrameworksBuildPhase section */
		DCBA835521EF879F0053B37E /* Frameworks */ = {
			isa = PBXFrameworksBuildPhase;
			buildActionMask = 2147483647;
			files = (
				3EA2BADF20D7CCCACE58E311 /* libPods-Taboola API ObjC Sample.a in Frameworks */,
			);
			runOnlyForDeploymentPostprocessing = 0;
		};
/* End PBXFrameworksBuildPhase section */

/* Begin PBXGroup section */
		5E8990E10B9FDEF9553F1DFE /* Frameworks */ = {
			isa = PBXGroup;
			children = (
				F1D0EACD574ED017958C4625 /* libPods-Taboola API ObjC Sample.a */,
			);
			name = Frameworks;
			sourceTree = "<group>";
		};
		DC1AECA921F61C230090D191 /* Widget */ = {
			isa = PBXGroup;
			children = (
				DCC89FF721F2469D00C11230 /* WidgetViewController.h */,
				DCC89FF821F2469D00C11230 /* WidgetViewController.m */,
			);
			path = Widget;
			sourceTree = "<group>";
		};
		DCBA834F21EF879F0053B37E = {
			isa = PBXGroup;
			children = (
				DCBA835A21EF879F0053B37E /* Taboola API ObjC Sample */,
				DCBA835921EF879F0053B37E /* Products */,
				EBD9F7A88CB67D4CF6FFD8E4 /* Pods */,
				5E8990E10B9FDEF9553F1DFE /* Frameworks */,
			);
			sourceTree = "<group>";
		};
		DCBA835921EF879F0053B37E /* Products */ = {
			isa = PBXGroup;
			children = (
				DCBA835821EF879F0053B37E /* Taboola API ObjC Sample.app */,
			);
			name = Products;
			sourceTree = "<group>";
		};
		DCBA835A21EF879F0053B37E /* Taboola API ObjC Sample */ = {
			isa = PBXGroup;
			children = (
				DCBA835B21EF879F0053B37E /* AppDelegate.h */,
				DCBA835C21EF879F0053B37E /* AppDelegate.m */,
				DCC89FF421F2453200C11230 /* View controllers */,
				DCBA836121EF879F0053B37E /* Main.storyboard */,
				DCBA836421EF87A00053B37E /* Assets.xcassets */,
				DCBA836621EF87A00053B37E /* LaunchScreen.storyboard */,
				DCBA836921EF87A00053B37E /* Info.plist */,
				DCBA836A21EF87A00053B37E /* main.m */,
			);
			path = "Taboola API ObjC Sample";
			sourceTree = "<group>";
		};
		DCC89FF221F2451B00C11230 /* Cell */ = {
			isa = PBXGroup;
			children = (
				DCBA837D21F0BB340053B37E /* FeedTableViewCell.h */,
				DCBA837A21F0BB330053B37E /* FeedTableViewCell.m */,
			);
			path = Cell;
			sourceTree = "<group>";
		};
		DCC89FF321F2452400C11230 /* Feed */ = {
			isa = PBXGroup;
			children = (
				DCC89FF221F2451B00C11230 /* Cell */,
				DCBA837C21F0BB340053B37E /* FeedViewController.h */,
				DCBA837B21F0BB330053B37E /* FeedViewController.m */,
			);
			path = Feed;
			sourceTree = "<group>";
		};
		DCC89FF421F2453200C11230 /* View controllers */ = {
			isa = PBXGroup;
			children = (
				DCC89FF621F2454C00C11230 /* Menu */,
				DCC89FF321F2452400C11230 /* Feed */,
				DC1AECA921F61C230090D191 /* Widget */,
			);
			path = "View controllers";
			sourceTree = "<group>";
		};
		DCC89FF621F2454C00C11230 /* Menu */ = {
			isa = PBXGroup;
			children = (
				DCBA837121EF87D90053B37E /* MenuViewController.h */,
				DCBA837221EF87D90053B37E /* MenuViewController.m */,
			);
			path = Menu;
			sourceTree = "<group>";
		};
		EBD9F7A88CB67D4CF6FFD8E4 /* Pods */ = {
			isa = PBXGroup;
			children = (
				308196C871F7D718BB8693C0 /* Pods-Taboola API ObjC Sample.debug.xcconfig */,
				279396501A0CC222EC3639BC /* Pods-Taboola API ObjC Sample.release.xcconfig */,
			);
			name = Pods;
			sourceTree = "<group>";
		};
/* End PBXGroup section */

/* Begin PBXNativeTarget section */
		DCBA835721EF879F0053B37E /* Taboola API ObjC Sample */ = {
			isa = PBXNativeTarget;
			buildConfigurationList = DCBA836E21EF87A00053B37E /* Build configuration list for PBXNativeTarget "Taboola API ObjC Sample" */;
			buildPhases = (
				E63281F0A2361C53E2808820 /* [CP] Check Pods Manifest.lock */,
				DCBA835421EF879F0053B37E /* Sources */,
				DCBA835521EF879F0053B37E /* Frameworks */,
				DCBA835621EF879F0053B37E /* Resources */,
				4C80E37AFD0D3BE02A6FF474 /* [CP] Copy Pods Resources */,
			);
			buildRules = (
			);
			dependencies = (
			);
			name = "Taboola API ObjC Sample";
			productName = "Taboola API ObjC Sample";
			productReference = DCBA835821EF879F0053B37E /* Taboola API ObjC Sample.app */;
			productType = "com.apple.product-type.application";
		};
/* End PBXNativeTarget section */

/* Begin PBXProject section */
		DCBA835021EF879F0053B37E /* Project object */ = {
			isa = PBXProject;
			attributes = {
				LastUpgradeCheck = 1010;
				ORGANIZATIONNAME = "Taboola LTD";
				TargetAttributes = {
					DCBA835721EF879F0053B37E = {
						CreatedOnToolsVersion = 10.1;
					};
				};
			};
			buildConfigurationList = DCBA835321EF879F0053B37E /* Build configuration list for PBXProject "Taboola API ObjC Sample" */;
			compatibilityVersion = "Xcode 9.3";
			developmentRegion = en;
			hasScannedForEncodings = 0;
			knownRegions = (
				en,
				Base,
			);
			mainGroup = DCBA834F21EF879F0053B37E;
			productRefGroup = DCBA835921EF879F0053B37E /* Products */;
			projectDirPath = "";
			projectRoot = "";
			targets = (
				DCBA835721EF879F0053B37E /* Taboola API ObjC Sample */,
			);
		};
/* End PBXProject section */

/* Begin PBXResourcesBuildPhase section */
		DCBA835621EF879F0053B37E /* Resources */ = {
			isa = PBXResourcesBuildPhase;
			buildActionMask = 2147483647;
			files = (
				DCBA836821EF87A00053B37E /* LaunchScreen.storyboard in Resources */,
				DCBA836521EF87A00053B37E /* Assets.xcassets in Resources */,
				DCBA836321EF879F0053B37E /* Main.storyboard in Resources */,
			);
			runOnlyForDeploymentPostprocessing = 0;
		};
/* End PBXResourcesBuildPhase section */

/* Begin PBXShellScriptBuildPhase section */
		4C80E37AFD0D3BE02A6FF474 /* [CP] Copy Pods Resources */ = {
			isa = PBXShellScriptBuildPhase;
			buildActionMask = 2147483647;
			files = (
			);
			inputFileListPaths = (
			);
			inputPaths = (
				"${SRCROOT}/Pods/Target Support Files/Pods-Taboola API ObjC Sample/Pods-Taboola API ObjC Sample-resources.sh",
				"${PODS_ROOT}/TaboolaSDK/TaboolaSDK.framework/Versions/A/TaboolaResources/TaboolaVIewResources.bundle",
			);
			name = "[CP] Copy Pods Resources";
			outputFileListPaths = (
			);
			outputPaths = (
				"${TARGET_BUILD_DIR}/${UNLOCALIZED_RESOURCES_FOLDER_PATH}/TaboolaVIewResources.bundle",
			);
			runOnlyForDeploymentPostprocessing = 0;
			shellPath = /bin/sh;
			shellScript = "\"${SRCROOT}/Pods/Target Support Files/Pods-Taboola API ObjC Sample/Pods-Taboola API ObjC Sample-resources.sh\"\n";
			showEnvVarsInLog = 0;
		};
		E63281F0A2361C53E2808820 /* [CP] Check Pods Manifest.lock */ = {
			isa = PBXShellScriptBuildPhase;
			buildActionMask = 2147483647;
			files = (
			);
			inputFileListPaths = (
			);
			inputPaths = (
				"${PODS_PODFILE_DIR_PATH}/Podfile.lock",
				"${PODS_ROOT}/Manifest.lock",
			);
			name = "[CP] Check Pods Manifest.lock";
			outputFileListPaths = (
			);
			outputPaths = (
				"$(DERIVED_FILE_DIR)/Pods-Taboola API ObjC Sample-checkManifestLockResult.txt",
			);
			runOnlyForDeploymentPostprocessing = 0;
			shellPath = /bin/sh;
			shellScript = "diff \"${PODS_PODFILE_DIR_PATH}/Podfile.lock\" \"${PODS_ROOT}/Manifest.lock\" > /dev/null\nif [ $? != 0 ] ; then\n    # print error to STDERR\n    echo \"error: The sandbox is not in sync with the Podfile.lock. Run 'pod install' or update your CocoaPods installation.\" >&2\n    exit 1\nfi\n# This output is used by Xcode 'outputs' to avoid re-running this script phase.\necho \"SUCCESS\" > \"${SCRIPT_OUTPUT_FILE_0}\"\n";
			showEnvVarsInLog = 0;
		};
/* End PBXShellScriptBuildPhase section */

/* Begin PBXSourcesBuildPhase section */
		DCBA835421EF879F0053B37E /* Sources */ = {
			isa = PBXSourcesBuildPhase;
			buildActionMask = 2147483647;
			files = (
				DCBA837E21F0BB340053B37E /* FeedTableViewCell.m in Sources */,
				DCBA836B21EF87A00053B37E /* main.m in Sources */,
				DCC89FF921F2469D00C11230 /* WidgetViewController.m in Sources */,
				DCBA835D21EF879F0053B37E /* AppDelegate.m in Sources */,
				DCBA837F21F0BB340053B37E /* FeedViewController.m in Sources */,
				DCBA837321EF87D90053B37E /* MenuViewController.m in Sources */,
			);
			runOnlyForDeploymentPostprocessing = 0;
		};
/* End PBXSourcesBuildPhase section */

/* Begin PBXVariantGroup section */
		DCBA836121EF879F0053B37E /* Main.storyboard */ = {
			isa = PBXVariantGroup;
			children = (
				DCBA836221EF879F0053B37E /* Base */,
			);
			name = Main.storyboard;
			sourceTree = "<group>";
		};
		DCBA836621EF87A00053B37E /* LaunchScreen.storyboard */ = {
			isa = PBXVariantGroup;
			children = (
				DCBA836721EF87A00053B37E /* Base */,
			);
			name = LaunchScreen.storyboard;
			sourceTree = "<group>";
		};
/* End PBXVariantGroup section */

/* Begin XCBuildConfiguration section */
		DCBA836C21EF87A00053B37E /* Debug */ = {
			isa = XCBuildConfiguration;
			buildSettings = {
				ALWAYS_SEARCH_USER_PATHS = NO;
				CLANG_ANALYZER_NONNULL = YES;
				CLANG_ANALYZER_NUMBER_OBJECT_CONVERSION = YES_AGGRESSIVE;
				CLANG_CXX_LANGUAGE_STANDARD = "gnu++14";
				CLANG_CXX_LIBRARY = "libc++";
				CLANG_ENABLE_MODULES = YES;
				CLANG_ENABLE_OBJC_ARC = YES;
				CLANG_ENABLE_OBJC_WEAK = YES;
				CLANG_WARN_BLOCK_CAPTURE_AUTORELEASING = YES;
				CLANG_WARN_BOOL_CONVERSION = YES;
				CLANG_WARN_COMMA = YES;
				CLANG_WARN_CONSTANT_CONVERSION = YES;
				CLANG_WARN_DEPRECATED_OBJC_IMPLEMENTATIONS = YES;
				CLANG_WARN_DIRECT_OBJC_ISA_USAGE = YES_ERROR;
				CLANG_WARN_DOCUMENTATION_COMMENTS = YES;
				CLANG_WARN_EMPTY_BODY = YES;
				CLANG_WARN_ENUM_CONVERSION = YES;
				CLANG_WARN_INFINITE_RECURSION = YES;
				CLANG_WARN_INT_CONVERSION = YES;
				CLANG_WARN_NON_LITERAL_NULL_CONVERSION = YES;
				CLANG_WARN_OBJC_IMPLICIT_RETAIN_SELF = YES;
				CLANG_WARN_OBJC_LITERAL_CONVERSION = YES;
				CLANG_WARN_OBJC_ROOT_CLASS = YES_ERROR;
				CLANG_WARN_RANGE_LOOP_ANALYSIS = YES;
				CLANG_WARN_STRICT_PROTOTYPES = YES;
				CLANG_WARN_SUSPICIOUS_MOVE = YES;
				CLANG_WARN_UNGUARDED_AVAILABILITY = YES_AGGRESSIVE;
				CLANG_WARN_UNREACHABLE_CODE = YES;
				CLANG_WARN__DUPLICATE_METHOD_MATCH = YES;
				CODE_SIGN_IDENTITY = "iPhone Developer";
				COPY_PHASE_STRIP = NO;
				DEBUG_INFORMATION_FORMAT = dwarf;
				ENABLE_STRICT_OBJC_MSGSEND = YES;
				ENABLE_TESTABILITY = YES;
				GCC_C_LANGUAGE_STANDARD = gnu11;
				GCC_DYNAMIC_NO_PIC = NO;
				GCC_NO_COMMON_BLOCKS = YES;
				GCC_OPTIMIZATION_LEVEL = 0;
				GCC_PREPROCESSOR_DEFINITIONS = (
					"DEBUG=1",
					"$(inherited)",
				);
				GCC_WARN_64_TO_32_BIT_CONVERSION = YES;
				GCC_WARN_ABOUT_RETURN_TYPE = YES_ERROR;
				GCC_WARN_UNDECLARED_SELECTOR = YES;
				GCC_WARN_UNINITIALIZED_AUTOS = YES_AGGRESSIVE;
				GCC_WARN_UNUSED_FUNCTION = YES;
				GCC_WARN_UNUSED_VARIABLE = YES;
				IPHONEOS_DEPLOYMENT_TARGET = 12.1;
				MTL_ENABLE_DEBUG_INFO = INCLUDE_SOURCE;
				MTL_FAST_MATH = YES;
				ONLY_ACTIVE_ARCH = YES;
				SDKROOT = iphoneos;
			};
			name = Debug;
		};
		DCBA836D21EF87A00053B37E /* Release */ = {
			isa = XCBuildConfiguration;
			buildSettings = {
				ALWAYS_SEARCH_USER_PATHS = NO;
				CLANG_ANALYZER_NONNULL = YES;
				CLANG_ANALYZER_NUMBER_OBJECT_CONVERSION = YES_AGGRESSIVE;
				CLANG_CXX_LANGUAGE_STANDARD = "gnu++14";
				CLANG_CXX_LIBRARY = "libc++";
				CLANG_ENABLE_MODULES = YES;
				CLANG_ENABLE_OBJC_ARC = YES;
				CLANG_ENABLE_OBJC_WEAK = YES;
				CLANG_WARN_BLOCK_CAPTURE_AUTORELEASING = YES;
				CLANG_WARN_BOOL_CONVERSION = YES;
				CLANG_WARN_COMMA = YES;
				CLANG_WARN_CONSTANT_CONVERSION = YES;
				CLANG_WARN_DEPRECATED_OBJC_IMPLEMENTATIONS = YES;
				CLANG_WARN_DIRECT_OBJC_ISA_USAGE = YES_ERROR;
				CLANG_WARN_DOCUMENTATION_COMMENTS = YES;
				CLANG_WARN_EMPTY_BODY = YES;
				CLANG_WARN_ENUM_CONVERSION = YES;
				CLANG_WARN_INFINITE_RECURSION = YES;
				CLANG_WARN_INT_CONVERSION = YES;
				CLANG_WARN_NON_LITERAL_NULL_CONVERSION = YES;
				CLANG_WARN_OBJC_IMPLICIT_RETAIN_SELF = YES;
				CLANG_WARN_OBJC_LITERAL_CONVERSION = YES;
				CLANG_WARN_OBJC_ROOT_CLASS = YES_ERROR;
				CLANG_WARN_RANGE_LOOP_ANALYSIS = YES;
				CLANG_WARN_STRICT_PROTOTYPES = YES;
				CLANG_WARN_SUSPICIOUS_MOVE = YES;
				CLANG_WARN_UNGUARDED_AVAILABILITY = YES_AGGRESSIVE;
				CLANG_WARN_UNREACHABLE_CODE = YES;
				CLANG_WARN__DUPLICATE_METHOD_MATCH = YES;
				CODE_SIGN_IDENTITY = "iPhone Developer";
				COPY_PHASE_STRIP = NO;
				DEBUG_INFORMATION_FORMAT = "dwarf-with-dsym";
				ENABLE_NS_ASSERTIONS = NO;
				ENABLE_STRICT_OBJC_MSGSEND = YES;
				GCC_C_LANGUAGE_STANDARD = gnu11;
				GCC_NO_COMMON_BLOCKS = YES;
				GCC_WARN_64_TO_32_BIT_CONVERSION = YES;
				GCC_WARN_ABOUT_RETURN_TYPE = YES_ERROR;
				GCC_WARN_UNDECLARED_SELECTOR = YES;
				GCC_WARN_UNINITIALIZED_AUTOS = YES_AGGRESSIVE;
				GCC_WARN_UNUSED_FUNCTION = YES;
				GCC_WARN_UNUSED_VARIABLE = YES;
				IPHONEOS_DEPLOYMENT_TARGET = 12.1;
				MTL_ENABLE_DEBUG_INFO = NO;
				MTL_FAST_MATH = YES;
				SDKROOT = iphoneos;
				VALIDATE_PRODUCT = YES;
			};
			name = Release;
		};
		DCBA836F21EF87A00053B37E /* Debug */ = {
			isa = XCBuildConfiguration;
			baseConfigurationReference = 308196C871F7D718BB8693C0 /* Pods-Taboola API ObjC Sample.debug.xcconfig */;
			buildSettings = {
				ASSETCATALOG_COMPILER_APPICON_NAME = AppIcon;
				CODE_SIGN_STYLE = Automatic;
				DEVELOPMENT_TEAM = P4YBSJEM3U;
				INFOPLIST_FILE = "Taboola API ObjC Sample/Info.plist";
				LD_RUNPATH_SEARCH_PATHS = (
					"$(inherited)",
					"@executable_path/Frameworks",
				);
				PRODUCT_BUNDLE_IDENTIFIER = "com.taboola.Taboola-API-ObjC-Sample";
				PRODUCT_NAME = "$(TARGET_NAME)";
				TARGETED_DEVICE_FAMILY = "1,2";
			};
			name = Debug;
		};
		DCBA837021EF87A00053B37E /* Release */ = {
			isa = XCBuildConfiguration;
			baseConfigurationReference = 279396501A0CC222EC3639BC /* Pods-Taboola API ObjC Sample.release.xcconfig */;
			buildSettings = {
				ASSETCATALOG_COMPILER_APPICON_NAME = AppIcon;
				CODE_SIGN_STYLE = Automatic;
				DEVELOPMENT_TEAM = P4YBSJEM3U;
				INFOPLIST_FILE = "Taboola API ObjC Sample/Info.plist";
				LD_RUNPATH_SEARCH_PATHS = (
					"$(inherited)",
					"@executable_path/Frameworks",
				);
				PRODUCT_BUNDLE_IDENTIFIER = "com.taboola.Taboola-API-ObjC-Sample";
				PRODUCT_NAME = "$(TARGET_NAME)";
				TARGETED_DEVICE_FAMILY = "1,2";
			};
			name = Release;
		};
/* End XCBuildConfiguration section */

/* Begin XCConfigurationList section */
		DCBA835321EF879F0053B37E /* Build configuration list for PBXProject "Taboola API ObjC Sample" */ = {
			isa = XCConfigurationList;
			buildConfigurations = (
				DCBA836C21EF87A00053B37E /* Debug */,
				DCBA836D21EF87A00053B37E /* Release */,
			);
			defaultConfigurationIsVisible = 0;
			defaultConfigurationName = Release;
		};
		DCBA836E21EF87A00053B37E /* Build configuration list for PBXNativeTarget "Taboola API ObjC Sample" */ = {
			isa = XCConfigurationList;
			buildConfigurations = (
				DCBA836F21EF87A00053B37E /* Debug */,
				DCBA837021EF87A00053B37E /* Release */,
			);
			defaultConfigurationIsVisible = 0;
			defaultConfigurationName = Release;
		};
/* End XCConfigurationList section */
	};
	rootObject = DCBA835021EF879F0053B37E /* Project object */;
}
